
Microsoft Visual Studio Solution File, Format Version 12.00
# Visual Studio 15
VisualStudioVersion = 15.0.27703.2047
MinimumVisualStudioVersion = 10.0.40219.1
Project("{F184B08F-C81C-45F6-A57F-5ABD9991F28F}") = "PesticideWaterCalculator", "SurfaceWaterGUI\PesticideWaterCalculator.vbproj", "{684549B9-CD29-4AC5-8EAC-5CD1E88F7A78}"
EndProject
Project("{6989167D-11E4-40FE-8C1A-2192A86A7E90}") = "PRZM5", "PRZM\PRZM5.vfproj", "{7808CAA6-D132-41DE-A151-070E7F8FC58C}"
EndProject
Project("{6989167D-11E4-40FE-8C1A-2192A86A7E90}") = "VVWM", "Fortranvvwm\VVWM.vfproj", "{B68D59CA-055A-482A-A9BA-2FD375A9C0A4}"
EndProject
Project("{54435603-DBB4-11D2-8724-00A0C9A8B90C}") = "PWC", "PWC\PWC.vdproj", "{A059C008-6E0E-46DB-BD0A-048E4C472D93}"
EndProject
Global
	GlobalSection(SolutionConfigurationPlatforms) = preSolution
		CD_ROM|Mixed Platforms = CD_ROM|Mixed Platforms
		CD_ROM|Win32 = CD_ROM|Win32
		CD_ROM|x86 = CD_ROM|x86
		Debug|Mixed Platforms = Debug|Mixed Platforms
		Debug|Win32 = Debug|Win32
		Debug|x86 = Debug|x86
		DVD-5|Mixed Platforms = DVD-5|Mixed Platforms
		DVD-5|Win32 = DVD-5|Win32
		DVD-5|x86 = DVD-5|x86
		Release|Mixed Platforms = Release|Mixed Platforms
		Release|Win32 = Release|Win32
		Release|x86 = Release|x86
		ReleaseExcept|Mixed Platforms = ReleaseExcept|Mixed Platforms
		ReleaseExcept|Win32 = ReleaseExcept|Win32
		ReleaseExcept|x86 = ReleaseExcept|x86
		SingleImage|Mixed Platforms = SingleImage|Mixed Platforms
		SingleImage|Win32 = SingleImage|Win32
		SingleImage|x86 = SingleImage|x86
	EndGlobalSection
	GlobalSection(ProjectConfigurationPlatforms) = postSolution
		{684549B9-CD29-4AC5-8EAC-5CD1E88F7A78}.CD_ROM|Mixed Platforms.ActiveCfg = ReleaseExcept|x86
		{684549B9-CD29-4AC5-8EAC-5CD1E88F7A78}.CD_ROM|Mixed Platforms.Build.0 = ReleaseExcept|x86
		{684549B9-CD29-4AC5-8EAC-5CD1E88F7A78}.CD_ROM|Win32.ActiveCfg = ReleaseExcept|x86
		{684549B9-CD29-4AC5-8EAC-5CD1E88F7A78}.CD_ROM|x86.ActiveCfg = ReleaseExcept|x86
		{684549B9-CD29-4AC5-8EAC-5CD1E88F7A78}.CD_ROM|x86.Build.0 = ReleaseExcept|x86
		{684549B9-CD29-4AC5-8EAC-5CD1E88F7A78}.Debug|Mixed Platforms.ActiveCfg = Release|x86
		{684549B9-CD29-4AC5-8EAC-5CD1E88F7A78}.Debug|Mixed Platforms.Build.0 = Release|x86
		{684549B9-CD29-4AC5-8EAC-5CD1E88F7A78}.Debug|Win32.ActiveCfg = Debug|x86
		{684549B9-CD29-4AC5-8EAC-5CD1E88F7A78}.Debug|Win32.Build.0 = Debug|x86
		{684549B9-CD29-4AC5-8EAC-5CD1E88F7A78}.Debug|x86.ActiveCfg = Debug|x86
		{684549B9-CD29-4AC5-8EAC-5CD1E88F7A78}.Debug|x86.Build.0 = Debug|x86
		{684549B9-CD29-4AC5-8EAC-5CD1E88F7A78}.DVD-5|Mixed Platforms.ActiveCfg = Debug|x86
		{684549B9-CD29-4AC5-8EAC-5CD1E88F7A78}.DVD-5|Mixed Platforms.Build.0 = Debug|x86
		{684549B9-CD29-4AC5-8EAC-5CD1E88F7A78}.DVD-5|Win32.ActiveCfg = Debug|x86
		{684549B9-CD29-4AC5-8EAC-5CD1E88F7A78}.DVD-5|x86.ActiveCfg = Debug|x86
		{684549B9-CD29-4AC5-8EAC-5CD1E88F7A78}.DVD-5|x86.Build.0 = Debug|x86
		{684549B9-CD29-4AC5-8EAC-5CD1E88F7A78}.Release|Mixed Platforms.ActiveCfg = Release|x86
		{684549B9-CD29-4AC5-8EAC-5CD1E88F7A78}.Release|Mixed Platforms.Build.0 = Release|x86
		{684549B9-CD29-4AC5-8EAC-5CD1E88F7A78}.Release|Win32.ActiveCfg = Release|x86
		{684549B9-CD29-4AC5-8EAC-5CD1E88F7A78}.Release|Win32.Build.0 = Release|x86
		{684549B9-CD29-4AC5-8EAC-5CD1E88F7A78}.Release|x86.ActiveCfg = Release|x86
		{684549B9-CD29-4AC5-8EAC-5CD1E88F7A78}.Release|x86.Build.0 = Release|x86
		{684549B9-CD29-4AC5-8EAC-5CD1E88F7A78}.ReleaseExcept|Mixed Platforms.ActiveCfg = ReleaseExcept|x86
		{684549B9-CD29-4AC5-8EAC-5CD1E88F7A78}.ReleaseExcept|Mixed Platforms.Build.0 = ReleaseExcept|x86
		{684549B9-CD29-4AC5-8EAC-5CD1E88F7A78}.ReleaseExcept|Win32.ActiveCfg = Release|x86
		{684549B9-CD29-4AC5-8EAC-5CD1E88F7A78}.ReleaseExcept|Win32.Build.0 = Release|x86
		{684549B9-CD29-4AC5-8EAC-5CD1E88F7A78}.ReleaseExcept|x86.ActiveCfg = ReleaseExcept|x86
		{684549B9-CD29-4AC5-8EAC-5CD1E88F7A78}.ReleaseExcept|x86.Build.0 = ReleaseExcept|x86
		{684549B9-CD29-4AC5-8EAC-5CD1E88F7A78}.SingleImage|Mixed Platforms.ActiveCfg = ReleaseExcept|x86
		{684549B9-CD29-4AC5-8EAC-5CD1E88F7A78}.SingleImage|Mixed Platforms.Build.0 = ReleaseExcept|x86
		{684549B9-CD29-4AC5-8EAC-5CD1E88F7A78}.SingleImage|Win32.ActiveCfg = ReleaseExcept|x86
		{684549B9-CD29-4AC5-8EAC-5CD1E88F7A78}.SingleImage|x86.ActiveCfg = ReleaseExcept|x86
		{684549B9-CD29-4AC5-8EAC-5CD1E88F7A78}.SingleImage|x86.Build.0 = ReleaseExcept|x86
		{7808CAA6-D132-41DE-A151-070E7F8FC58C}.CD_ROM|Mixed Platforms.ActiveCfg = ReleaseExcept|Win32
		{7808CAA6-D132-41DE-A151-070E7F8FC58C}.CD_ROM|Mixed Platforms.Build.0 = ReleaseExcept|Win32
		{7808CAA6-D132-41DE-A151-070E7F8FC58C}.CD_ROM|Win32.ActiveCfg = ReleaseExcept|Win32
		{7808CAA6-D132-41DE-A151-070E7F8FC58C}.CD_ROM|Win32.Build.0 = ReleaseExcept|Win32
		{7808CAA6-D132-41DE-A151-070E7F8FC58C}.CD_ROM|x86.ActiveCfg = ReleaseExcept|Win32
		{7808CAA6-D132-41DE-A151-070E7F8FC58C}.Debug|Mixed Platforms.ActiveCfg = Debug|Win32
		{7808CAA6-D132-41DE-A151-070E7F8FC58C}.Debug|Mixed Platforms.Build.0 = Debug|Win32
		{7808CAA6-D132-41DE-A151-070E7F8FC58C}.Debug|Win32.ActiveCfg = Debug|Win32
		{7808CAA6-D132-41DE-A151-070E7F8FC58C}.Debug|Win32.Build.0 = Debug|Win32
		{7808CAA6-D132-41DE-A151-070E7F8FC58C}.Debug|x86.ActiveCfg = Debug|Win32
		{7808CAA6-D132-41DE-A151-070E7F8FC58C}.DVD-5|Mixed Platforms.ActiveCfg = Debug|Win32
		{7808CAA6-D132-41DE-A151-070E7F8FC58C}.DVD-5|Mixed Platforms.Build.0 = Debug|Win32
		{7808CAA6-D132-41DE-A151-070E7F8FC58C}.DVD-5|Win32.ActiveCfg = Debug|Win32
		{7808CAA6-D132-41DE-A151-070E7F8FC58C}.DVD-5|Win32.Build.0 = Debug|Win32
		{7808CAA6-D132-41DE-A151-070E7F8FC58C}.DVD-5|x86.ActiveCfg = Debug|Win32
		{7808CAA6-D132-41DE-A151-070E7F8FC58C}.Release|Mixed Platforms.ActiveCfg = Release|Win32
		{7808CAA6-D132-41DE-A151-070E7F8FC58C}.Release|Mixed Platforms.Build.0 = Release|Win32
		{7808CAA6-D132-41DE-A151-070E7F8FC58C}.Release|Win32.ActiveCfg = Release|Win32
		{7808CAA6-D132-41DE-A151-070E7F8FC58C}.Release|Win32.Build.0 = Release|Win32
		{7808CAA6-D132-41DE-A151-070E7F8FC58C}.Release|x86.ActiveCfg = Release|Win32
		{7808CAA6-D132-41DE-A151-070E7F8FC58C}.Release|x86.Build.0 = Release|Win32
		{7808CAA6-D132-41DE-A151-070E7F8FC58C}.ReleaseExcept|Mixed Platforms.ActiveCfg = ReleaseExcept|Win32
		{7808CAA6-D132-41DE-A151-070E7F8FC58C}.ReleaseExcept|Mixed Platforms.Build.0 = ReleaseExcept|Win32
		{7808CAA6-D132-41DE-A151-070E7F8FC58C}.ReleaseExcept|Win32.ActiveCfg = Release|Win32
		{7808CAA6-D132-41DE-A151-070E7F8FC58C}.ReleaseExcept|Win32.Build.0 = Release|Win32
		{7808CAA6-D132-41DE-A151-070E7F8FC58C}.ReleaseExcept|x86.ActiveCfg = ReleaseExcept|Win32
		{7808CAA6-D132-41DE-A151-070E7F8FC58C}.SingleImage|Mixed Platforms.ActiveCfg = ReleaseExcept|Win32
		{7808CAA6-D132-41DE-A151-070E7F8FC58C}.SingleImage|Mixed Platforms.Build.0 = ReleaseExcept|Win32
		{7808CAA6-D132-41DE-A151-070E7F8FC58C}.SingleImage|Win32.ActiveCfg = ReleaseExcept|Win32
		{7808CAA6-D132-41DE-A151-070E7F8FC58C}.SingleImage|Win32.Build.0 = ReleaseExcept|Win32
		{7808CAA6-D132-41DE-A151-070E7F8FC58C}.SingleImage|x86.ActiveCfg = ReleaseExcept|Win32
		{B68D59CA-055A-482A-A9BA-2FD375A9C0A4}.CD_ROM|Mixed Platforms.ActiveCfg = ReleaseExcept|Win32
		{B68D59CA-055A-482A-A9BA-2FD375A9C0A4}.CD_ROM|Mixed Platforms.Build.0 = ReleaseExcept|Win32
		{B68D59CA-055A-482A-A9BA-2FD375A9C0A4}.CD_ROM|Win32.ActiveCfg = ReleaseExcept|Win32
		{B68D59CA-055A-482A-A9BA-2FD375A9C0A4}.CD_ROM|Win32.Build.0 = ReleaseExcept|Win32
		{B68D59CA-055A-482A-A9BA-2FD375A9C0A4}.CD_ROM|x86.ActiveCfg = ReleaseExcept|Win32
		{B68D59CA-055A-482A-A9BA-2FD375A9C0A4}.Debug|Mixed Platforms.ActiveCfg = Debug|Win32
		{B68D59CA-055A-482A-A9BA-2FD375A9C0A4}.Debug|Mixed Platforms.Build.0 = Debug|Win32
		{B68D59CA-055A-482A-A9BA-2FD375A9C0A4}.Debug|Win32.ActiveCfg = Debug|Win32
		{B68D59CA-055A-482A-A9BA-2FD375A9C0A4}.Debug|Win32.Build.0 = Debug|Win32
		{B68D59CA-055A-482A-A9BA-2FD375A9C0A4}.Debug|x86.ActiveCfg = Debug|Win32
		{B68D59CA-055A-482A-A9BA-2FD375A9C0A4}.DVD-5|Mixed Platforms.ActiveCfg = Debug|Win32
		{B68D59CA-055A-482A-A9BA-2FD375A9C0A4}.DVD-5|Mixed Platforms.Build.0 = Debug|Win32
		{B68D59CA-055A-482A-A9BA-2FD375A9C0A4}.DVD-5|Win32.ActiveCfg = Debug|Win32
		{B68D59CA-055A-482A-A9BA-2FD375A9C0A4}.DVD-5|Win32.Build.0 = Debug|Win32
		{B68D59CA-055A-482A-A9BA-2FD375A9C0A4}.DVD-5|x86.ActiveCfg = Debug|Win32
		{B68D59CA-055A-482A-A9BA-2FD375A9C0A4}.Release|Mixed Platforms.ActiveCfg = Release|Win32
		{B68D59CA-055A-482A-A9BA-2FD375A9C0A4}.Release|Mixed Platforms.Build.0 = Release|Win32
		{B68D59CA-055A-482A-A9BA-2FD375A9C0A4}.Release|Win32.ActiveCfg = Release|Win32
		{B68D59CA-055A-482A-A9BA-2FD375A9C0A4}.Release|Win32.Build.0 = Release|Win32
		{B68D59CA-055A-482A-A9BA-2FD375A9C0A4}.Release|x86.ActiveCfg = Release|Win32
		{B68D59CA-055A-482A-A9BA-2FD375A9C0A4}.Release|x86.Build.0 = Release|Win32
		{B68D59CA-055A-482A-A9BA-2FD375A9C0A4}.ReleaseExcept|Mixed Platforms.ActiveCfg = ReleaseExcept|Win32
		{B68D59CA-055A-482A-A9BA-2FD375A9C0A4}.ReleaseExcept|Mixed Platforms.Build.0 = ReleaseExcept|Win32
		{B68D59CA-055A-482A-A9BA-2FD375A9C0A4}.ReleaseExcept|Win32.ActiveCfg = Release|Win32
		{B68D59CA-055A-482A-A9BA-2FD375A9C0A4}.ReleaseExcept|Win32.Build.0 = Release|Win32
		{B68D59CA-055A-482A-A9BA-2FD375A9C0A4}.ReleaseExcept|x86.ActiveCfg = ReleaseExcept|Win32
		{B68D59CA-055A-482A-A9BA-2FD375A9C0A4}.SingleImage|Mixed Platforms.ActiveCfg = ReleaseExcept|Win32
		{B68D59CA-055A-482A-A9BA-2FD375A9C0A4}.SingleImage|Mixed Platforms.Build.0 = ReleaseExcept|Win32
		{B68D59CA-055A-482A-A9BA-2FD375A9C0A4}.SingleImage|Win32.ActiveCfg = ReleaseExcept|Win32
		{B68D59CA-055A-482A-A9BA-2FD375A9C0A4}.SingleImage|Win32.Build.0 = ReleaseExcept|Win32
		{B68D59CA-055A-482A-A9BA-2FD375A9C0A4}.SingleImage|x86.ActiveCfg = ReleaseExcept|Win32
		{A059C008-6E0E-46DB-BD0A-048E4C472D93}.CD_ROM|Mixed Platforms.ActiveCfg = Release
		{A059C008-6E0E-46DB-BD0A-048E4C472D93}.CD_ROM|Win32.ActiveCfg = Release
		{A059C008-6E0E-46DB-BD0A-048E4C472D93}.CD_ROM|x86.ActiveCfg = Release
		{A059C008-6E0E-46DB-BD0A-048E4C472D93}.Debug|Mixed Platforms.ActiveCfg = Debug
		{A059C008-6E0E-46DB-BD0A-048E4C472D93}.Debug|Win32.ActiveCfg = Debug
		{A059C008-6E0E-46DB-BD0A-048E4C472D93}.Debug|x86.ActiveCfg = Debug
		{A059C008-6E0E-46DB-BD0A-048E4C472D93}.DVD-5|Mixed Platforms.ActiveCfg = Debug
		{A059C008-6E0E-46DB-BD0A-048E4C472D93}.DVD-5|Win32.ActiveCfg = Debug
		{A059C008-6E0E-46DB-BD0A-048E4C472D93}.DVD-5|x86.ActiveCfg = Debug
		{A059C008-6E0E-46DB-BD0A-048E4C472D93}.Release|Mixed Platforms.ActiveCfg = Release
		{A059C008-6E0E-46DB-BD0A-048E4C472D93}.Release|Win32.ActiveCfg = Release
		{A059C008-6E0E-46DB-BD0A-048E4C472D93}.Release|Win32.Build.0 = Release
		{A059C008-6E0E-46DB-BD0A-048E4C472D93}.Release|x86.ActiveCfg = Release
		{A059C008-6E0E-46DB-BD0A-048E4C472D93}.ReleaseExcept|Mixed Platforms.ActiveCfg = Release
		{A059C008-6E0E-46DB-BD0A-048E4C472D93}.ReleaseExcept|Win32.ActiveCfg = Release
		{A059C008-6E0E-46DB-BD0A-048E4C472D93}.ReleaseExcept|x86.ActiveCfg = Release
		{A059C008-6E0E-46DB-BD0A-048E4C472D93}.SingleImage|Mixed Platforms.ActiveCfg = Release
		{A059C008-6E0E-46DB-BD0A-048E4C472D93}.SingleImage|Win32.ActiveCfg = Release
		{A059C008-6E0E-46DB-BD0A-048E4C472D93}.SingleImage|x86.ActiveCfg = Release
	EndGlobalSection
	GlobalSection(SolutionProperties) = preSolution
		HideSolutionNode = FALSE
	EndGlobalSection
	GlobalSection(ExtensibilityGlobals) = postSolution
		SolutionGuid = {9D192201-7778-497F-A1B1-700751459354}
	EndGlobalSection
EndGlobal
